// !$*UTF8*$!
{
	archiveVersion = 1;
	classes = {
	};
	objectVersion = 50;
	objects = {

/* Begin PBXBuildFile section */
		B04DED5928190DA6001C2DF5 /* AuthenticationViewModel.swift in Sources */ = {isa = PBXBuildFile; fileRef = B04DED5828190DA6001C2DF5 /* AuthenticationViewModel.swift */; };
		B05869802817B4D4002CFCDC /* AppDelegate.swift in Sources */ = {isa = PBXBuildFile; fileRef = B058697F2817B4D4002CFCDC /* AppDelegate.swift */; };
		B05869822817B4D4002CFCDC /* SceneDelegate.swift in Sources */ = {isa = PBXBuildFile; fileRef = B05869812817B4D4002CFCDC /* SceneDelegate.swift */; };
		B05869842817B4D4002CFCDC /* ViewController.swift in Sources */ = {isa = PBXBuildFile; fileRef = B05869832817B4D4002CFCDC /* ViewController.swift */; };
		B05869872817B4D4002CFCDC /* Main.storyboard in Resources */ = {isa = PBXBuildFile; fileRef = B05869852817B4D4002CFCDC /* Main.storyboard */; };
		B05869892817B4D6002CFCDC /* Assets.xcassets in Resources */ = {isa = PBXBuildFile; fileRef = B05869882817B4D6002CFCDC /* Assets.xcassets */; };
		B058698C2817B4D6002CFCDC /* LaunchScreen.storyboard in Resources */ = {isa = PBXBuildFile; fileRef = B058698A2817B4D6002CFCDC /* LaunchScreen.storyboard */; };
		B0DF7F71281934F1001627D0 /* GoogleService-Info.plist in Resources */ = {isa = PBXBuildFile; fileRef = B0DF7F70281934F1001627D0 /* GoogleService-Info.plist */; };
		B0F2BDD62817B85B003FC7EE /* MainTabController.swift in Sources */ = {isa = PBXBuildFile; fileRef = B0F2BDD52817B85B003FC7EE /* MainTabController.swift */; };
		B0F2BDD82817BC18003FC7EE /* FeedController.swift in Sources */ = {isa = PBXBuildFile; fileRef = B0F2BDD72817BC18003FC7EE /* FeedController.swift */; };
		B0F2BDDA2817BC34003FC7EE /* SearchController.swift in Sources */ = {isa = PBXBuildFile; fileRef = B0F2BDD92817BC34003FC7EE /* SearchController.swift */; };
		B0F2BDDC2817BC4B003FC7EE /* ImageSelectorController.swift in Sources */ = {isa = PBXBuildFile; fileRef = B0F2BDDB2817BC4B003FC7EE /* ImageSelectorController.swift */; };
		B0F2BDDE2817BC63003FC7EE /* NotificationController.swift in Sources */ = {isa = PBXBuildFile; fileRef = B0F2BDDD2817BC63003FC7EE /* NotificationController.swift */; };
		B0F2BDE02817BC74003FC7EE /* ProfileController.swift in Sources */ = {isa = PBXBuildFile; fileRef = B0F2BDDF2817BC74003FC7EE /* ProfileController.swift */; };
		B0F2BDE22817CB94003FC7EE /* FeedCell.swift in Sources */ = {isa = PBXBuildFile; fileRef = B0F2BDE12817CB94003FC7EE /* FeedCell.swift */; };
		B0F2BDE42817CCF8003FC7EE /* Extensions.swift in Sources */ = {isa = PBXBuildFile; fileRef = B0F2BDE32817CCF8003FC7EE /* Extensions.swift */; };
		B0F2BDE72817E422003FC7EE /* LoginController.swift in Sources */ = {isa = PBXBuildFile; fileRef = B0F2BDE62817E422003FC7EE /* LoginController.swift */; };
		B0F2BDE92817E440003FC7EE /* RegistrationController.swift in Sources */ = {isa = PBXBuildFile; fileRef = B0F2BDE82817E440003FC7EE /* RegistrationController.swift */; };
		B0F2BDEB28180583003FC7EE /* CustomTextField.swift in Sources */ = {isa = PBXBuildFile; fileRef = B0F2BDEA28180583003FC7EE /* CustomTextField.swift */; };
		B0F2BDED28180D99003FC7EE /* CustomButton.swift in Sources */ = {isa = PBXBuildFile; fileRef = B0F2BDEC28180D99003FC7EE /* CustomButton.swift */; };
/* End PBXBuildFile section */

/* Begin PBXFileReference section */
		B04DED5828190DA6001C2DF5 /* AuthenticationViewModel.swift */ = {isa = PBXFileReference; lastKnownFileType = sourcecode.swift; path = AuthenticationViewModel.swift; sourceTree = "<group>"; };
		B058697C2817B4D4002CFCDC /* InstagramFirestoreTutorial.app */ = {isa = PBXFileReference; explicitFileType = wrapper.application; includeInIndex = 0; path = InstagramFirestoreTutorial.app; sourceTree = BUILT_PRODUCTS_DIR; };
		B058697F2817B4D4002CFCDC /* AppDelegate.swift */ = {isa = PBXFileReference; lastKnownFileType = sourcecode.swift; path = AppDelegate.swift; sourceTree = "<group>"; };
		B05869812817B4D4002CFCDC /* SceneDelegate.swift */ = {isa = PBXFileReference; lastKnownFileType = sourcecode.swift; path = SceneDelegate.swift; sourceTree = "<group>"; };
		B05869832817B4D4002CFCDC /* ViewController.swift */ = {isa = PBXFileReference; lastKnownFileType = sourcecode.swift; path = ViewController.swift; sourceTree = "<group>"; };
		B05869862817B4D4002CFCDC /* Base */ = {isa = PBXFileReference; lastKnownFileType = file.storyboard; name = Base; path = Base.lproj/Main.storyboard; sourceTree = "<group>"; };
		B05869882817B4D6002CFCDC /* Assets.xcassets */ = {isa = PBXFileReference; lastKnownFileType = folder.assetcatalog; path = Assets.xcassets; sourceTree = "<group>"; };
		B058698B2817B4D6002CFCDC /* Base */ = {isa = PBXFileReference; lastKnownFileType = file.storyboard; name = Base; path = Base.lproj/LaunchScreen.storyboard; sourceTree = "<group>"; };
		B058698D2817B4D6002CFCDC /* Info.plist */ = {isa = PBXFileReference; lastKnownFileType = text.plist.xml; path = Info.plist; sourceTree = "<group>"; };
		B0DF7F70281934F1001627D0 /* GoogleService-Info.plist */ = {isa = PBXFileReference; fileEncoding = 4; lastKnownFileType = text.plist.xml; name = "GoogleService-Info.plist"; path = "../../../../Downloads/GoogleService-Info.plist"; sourceTree = "<group>"; };
		B0F2BDD52817B85B003FC7EE /* MainTabController.swift */ = {isa = PBXFileReference; lastKnownFileType = sourcecode.swift; path = MainTabController.swift; sourceTree = "<group>"; };
		B0F2BDD72817BC18003FC7EE /* FeedController.swift */ = {isa = PBXFileReference; lastKnownFileType = sourcecode.swift; path = FeedController.swift; sourceTree = "<group>"; };
		B0F2BDD92817BC34003FC7EE /* SearchController.swift */ = {isa = PBXFileReference; lastKnownFileType = sourcecode.swift; path = SearchController.swift; sourceTree = "<group>"; };
		B0F2BDDB2817BC4B003FC7EE /* ImageSelectorController.swift */ = {isa = PBXFileReference; lastKnownFileType = sourcecode.swift; path = ImageSelectorController.swift; sourceTree = "<group>"; };
		B0F2BDDD2817BC63003FC7EE /* NotificationController.swift */ = {isa = PBXFileReference; lastKnownFileType = sourcecode.swift; path = NotificationController.swift; sourceTree = "<group>"; };
		B0F2BDDF2817BC74003FC7EE /* ProfileController.swift */ = {isa = PBXFileReference; lastKnownFileType = sourcecode.swift; path = ProfileController.swift; sourceTree = "<group>"; };
		B0F2BDE12817CB94003FC7EE /* FeedCell.swift */ = {isa = PBXFileReference; lastKnownFileType = sourcecode.swift; path = FeedCell.swift; sourceTree = "<group>"; };
		B0F2BDE32817CCF8003FC7EE /* Extensions.swift */ = {isa = PBXFileReference; lastKnownFileType = sourcecode.swift; path = Extensions.swift; sourceTree = "<group>"; };
		B0F2BDE62817E422003FC7EE /* LoginController.swift */ = {isa = PBXFileReference; lastKnownFileType = sourcecode.swift; path = LoginController.swift; sourceTree = "<group>"; };
		B0F2BDE82817E440003FC7EE /* RegistrationController.swift */ = {isa = PBXFileReference; lastKnownFileType = sourcecode.swift; path = RegistrationController.swift; sourceTree = "<group>"; };
		B0F2BDEA28180583003FC7EE /* CustomTextField.swift */ = {isa = PBXFileReference; lastKnownFileType = sourcecode.swift; path = CustomTextField.swift; sourceTree = "<group>"; };
		B0F2BDEC28180D99003FC7EE /* CustomButton.swift */ = {isa = PBXFileReference; lastKnownFileType = sourcecode.swift; path = CustomButton.swift; sourceTree = "<group>"; };
/* End PBXFileReference section */

/* Begin PBXFrameworksBuildPhase section */
		B05869792817B4D4002CFCDC /* Frameworks */ = {
			isa = PBXFrameworksBuildPhase;
			buildActionMask = 2147483647;
			files = (
			);
			runOnlyForDeploymentPostprocessing = 0;
		};
/* End PBXFrameworksBuildPhase section */

/* Begin PBXGroup section */
		B05869732817B4D4002CFCDC = {
			isa = PBXGroup;
			children = (
				B058697E2817B4D4002CFCDC /* InstagramFirestoreTutorial */,
				B058697D2817B4D4002CFCDC /* Products */,
			);
			sourceTree = "<group>";
		};
		B058697D2817B4D4002CFCDC /* Products */ = {
			isa = PBXGroup;
			children = (
				B058697C2817B4D4002CFCDC /* InstagramFirestoreTutorial.app */,
			);
			name = Products;
			sourceTree = "<group>";
		};
		B058697E2817B4D4002CFCDC /* InstagramFirestoreTutorial */ = {
			isa = PBXGroup;
			children = (
				B0F2BDD42817B78A003FC7EE /* Model */,
				B0F2BDD32817B787003FC7EE /* View */,
				B0F2BDD22817B783003FC7EE /* ViewModel */,
				B0F2BDD12817B780003FC7EE /* Controller */,
				B0F2BDD02817B77A003FC7EE /* API */,
				B0F2BDCF2817B776003FC7EE /* Utils */,
				B058697F2817B4D4002CFCDC /* AppDelegate.swift */,
				B05869812817B4D4002CFCDC /* SceneDelegate.swift */,
				B05869832817B4D4002CFCDC /* ViewController.swift */,
				B05869852817B4D4002CFCDC /* Main.storyboard */,
				B05869882817B4D6002CFCDC /* Assets.xcassets */,
				B058698A2817B4D6002CFCDC /* LaunchScreen.storyboard */,
				B058698D2817B4D6002CFCDC /* Info.plist */,
				B0DF7F70281934F1001627D0 /* GoogleService-Info.plist */,
			);
			path = InstagramFirestoreTutorial;
			sourceTree = "<group>";
		};
		B0F2BDCF2817B776003FC7EE /* Utils */ = {
			isa = PBXGroup;
			children = (
				B0F2BDE32817CCF8003FC7EE /* Extensions.swift */,
			);
			path = Utils;
			sourceTree = "<group>";
		};
		B0F2BDD02817B77A003FC7EE /* API */ = {
			isa = PBXGroup;
			children = (
			);
			path = API;
			sourceTree = "<group>";
		};
		B0F2BDD12817B780003FC7EE /* Controller */ = {
			isa = PBXGroup;
			children = (
				B0F2BDE52817E3FE003FC7EE /* Authentication */,
				B0F2BDD52817B85B003FC7EE /* MainTabController.swift */,
				B0F2BDD72817BC18003FC7EE /* FeedController.swift */,
				B0F2BDD92817BC34003FC7EE /* SearchController.swift */,
				B0F2BDDB2817BC4B003FC7EE /* ImageSelectorController.swift */,
				B0F2BDDD2817BC63003FC7EE /* NotificationController.swift */,
				B0F2BDDF2817BC74003FC7EE /* ProfileController.swift */,
			);
			path = Controller;
			sourceTree = "<group>";
		};
		B0F2BDD22817B783003FC7EE /* ViewModel */ = {
			isa = PBXGroup;
			children = (
				B04DED5828190DA6001C2DF5 /* AuthenticationViewModel.swift */,
			);
			path = ViewModel;
			sourceTree = "<group>";
		};
		B0F2BDD32817B787003FC7EE /* View */ = {
			isa = PBXGroup;
			children = (
				B0F2BDE12817CB94003FC7EE /* FeedCell.swift */,
				B0F2BDEA28180583003FC7EE /* CustomTextField.swift */,
				B0F2BDEC28180D99003FC7EE /* CustomButton.swift */,
			);
			path = View;
			sourceTree = "<group>";
		};
		B0F2BDD42817B78A003FC7EE /* Model */ = {
			isa = PBXGroup;
			children = (
			);
			path = Model;
			sourceTree = "<group>";
		};
		B0F2BDE52817E3FE003FC7EE /* Authentication */ = {
			isa = PBXGroup;
			children = (
				B0F2BDE62817E422003FC7EE /* LoginController.swift */,
				B0F2BDE82817E440003FC7EE /* RegistrationController.swift */,
			);
			path = Authentication;
			sourceTree = "<group>";
		};
/* End PBXGroup section */

/* Begin PBXNativeTarget section */
		B058697B2817B4D4002CFCDC /* InstagramFirestoreTutorial */ = {
			isa = PBXNativeTarget;
			buildConfigurationList = B05869902817B4D6002CFCDC /* Build configuration list for PBXNativeTarget "InstagramFirestoreTutorial" */;
			buildPhases = (
				B05869782817B4D4002CFCDC /* Sources */,
				B05869792817B4D4002CFCDC /* Frameworks */,
				B058697A2817B4D4002CFCDC /* Resources */,
			);
			buildRules = (
			);
			dependencies = (
			);
			name = InstagramFirestoreTutorial;
			productName = InstagramFirestoreTutorial;
			productReference = B058697C2817B4D4002CFCDC /* InstagramFirestoreTutorial.app */;
			productType = "com.apple.product-type.application";
		};
/* End PBXNativeTarget section */

/* Begin PBXProject section */
		B05869742817B4D4002CFCDC /* Project object */ = {
			isa = PBXProject;
			attributes = {
				LastSwiftUpdateCheck = 1150;
				LastUpgradeCheck = 1150;
				ORGANIZATIONNAME = "Pinaki Bandyopadhyay";
				TargetAttributes = {
					B058697B2817B4D4002CFCDC = {
						CreatedOnToolsVersion = 11.5;
					};
				};
			};
			buildConfigurationList = B05869772817B4D4002CFCDC /* Build configuration list for PBXProject "InstagramFirestoreTutorial" */;
			compatibilityVersion = "Xcode 9.3";
			developmentRegion = en;
			hasScannedForEncodings = 0;
			knownRegions = (
				en,
				Base,
			);
			mainGroup = B05869732817B4D4002CFCDC;
			productRefGroup = B058697D2817B4D4002CFCDC /* Products */;
			projectDirPath = "";
			projectRoot = "";
			targets = (
				B058697B2817B4D4002CFCDC /* InstagramFirestoreTutorial */,
			);
		};
/* End PBXProject section */

/* Begin PBXResourcesBuildPhase section */
		B058697A2817B4D4002CFCDC /* Resources */ = {
			isa = PBXResourcesBuildPhase;
			buildActionMask = 2147483647;
			files = (
				B058698C2817B4D6002CFCDC /* LaunchScreen.storyboard in Resources */,
				B0DF7F71281934F1001627D0 /* GoogleService-Info.plist in Resources */,
				B05869892817B4D6002CFCDC /* Assets.xcassets in Resources */,
				B05869872817B4D4002CFCDC /* Main.storyboard in Resources */,
			);
			runOnlyForDeploymentPostprocessing = 0;
		};
/* End PBXResourcesBuildPhase section */

/* Begin PBXSourcesBuildPhase section */
		B05869782817B4D4002CFCDC /* Sources */ = {
			isa = PBXSourcesBuildPhase;
			buildActionMask = 2147483647;
			files = (
				B0F2BDEB28180583003FC7EE /* CustomTextField.swift in Sources */,
				B05869842817B4D4002CFCDC /* ViewController.swift in Sources */,
				B0F2BDE72817E422003FC7EE /* LoginController.swift in Sources */,
				B0F2BDE22817CB94003FC7EE /* FeedCell.swift in Sources */,
				B04DED5928190DA6001C2DF5 /* AuthenticationViewModel.swift in Sources */,
				B0F2BDDC2817BC4B003FC7EE /* ImageSelectorController.swift in Sources */,
				B0F2BDDE2817BC63003FC7EE /* NotificationController.swift in Sources */,
				B0F2BDDA2817BC34003FC7EE /* SearchController.swift in Sources */,
				B05869802817B4D4002CFCDC /* AppDelegate.swift in Sources */,
				B0F2BDE02817BC74003FC7EE /* ProfileController.swift in Sources */,
				B0F2BDD82817BC18003FC7EE /* FeedController.swift in Sources */,
				B0F2BDD62817B85B003FC7EE /* MainTabController.swift in Sources */,
				B0F2BDE42817CCF8003FC7EE /* Extensions.swift in Sources */,
				B05869822817B4D4002CFCDC /* SceneDelegate.swift in Sources */,
				B0F2BDE92817E440003FC7EE /* RegistrationController.swift in Sources */,
				B0F2BDED28180D99003FC7EE /* CustomButton.swift in Sources */,
			);
			runOnlyForDeploymentPostprocessing = 0;
		};
/* End PBXSourcesBuildPhase section */

/* Begin PBXVariantGroup section */
		B05869852817B4D4002CFCDC /* Main.storyboard */ = {
			isa = PBXVariantGroup;
			children = (
				B05869862817B4D4002CFCDC /* Base */,
			);
			name = Main.storyboard;
			sourceTree = "<group>";
		};
		B058698A2817B4D6002CFCDC /* LaunchScreen.storyboard */ = {
			isa = PBXVariantGroup;
			children = (
				B058698B2817B4D6002CFCDC /* Base */,
			);
			name = LaunchScreen.storyboard;
			sourceTree = "<group>";
		};
/* End PBXVariantGroup section */

/* Begin XCBuildConfiguration section */
		B058698E2817B4D6002CFCDC /* Debug */ = {
			isa = XCBuildConfiguration;
			buildSettings = {
				ALWAYS_SEARCH_USER_PATHS = NO;
				CLANG_ANALYZER_NONNULL = YES;
				CLANG_ANALYZER_NUMBER_OBJECT_CONVERSION = YES_AGGRESSIVE;
				CLANG_CXX_LANGUAGE_STANDARD = "gnu++14";
				CLANG_CXX_LIBRARY = "libc++";
				CLANG_ENABLE_MODULES = YES;
				CLANG_ENABLE_OBJC_ARC = YES;
				CLANG_ENABLE_OBJC_WEAK = YES;
				CLANG_WARN_BLOCK_CAPTURE_AUTORELEASING = YES;
				CLANG_WARN_BOOL_CONVERSION = YES;
				CLANG_WARN_COMMA = YES;
				CLANG_WARN_CONSTANT_CONVERSION = YES;
				CLANG_WARN_DEPRECATED_OBJC_IMPLEMENTATIONS = YES;
				CLANG_WARN_DIRECT_OBJC_ISA_USAGE = YES_ERROR;
				CLANG_WARN_DOCUMENTATION_COMMENTS = YES;
				CLANG_WARN_EMPTY_BODY = YES;
				CLANG_WARN_ENUM_CONVERSION = YES;
				CLANG_WARN_INFINITE_RECURSION = YES;
				CLANG_WARN_INT_CONVERSION = YES;
				CLANG_WARN_NON_LITERAL_NULL_CONVERSION = YES;
				CLANG_WARN_OBJC_IMPLICIT_RETAIN_SELF = YES;
				CLANG_WARN_OBJC_LITERAL_CONVERSION = YES;
				CLANG_WARN_OBJC_ROOT_CLASS = YES_ERROR;
				CLANG_WARN_RANGE_LOOP_ANALYSIS = YES;
				CLANG_WARN_STRICT_PROTOTYPES = YES;
				CLANG_WARN_SUSPICIOUS_MOVE = YES;
				CLANG_WARN_UNGUARDED_AVAILABILITY = YES_AGGRESSIVE;
				CLANG_WARN_UNREACHABLE_CODE = YES;
				CLANG_WARN__DUPLICATE_METHOD_MATCH = YES;
				COPY_PHASE_STRIP = NO;
				DEBUG_INFORMATION_FORMAT = dwarf;
				ENABLE_STRICT_OBJC_MSGSEND = YES;
				ENABLE_TESTABILITY = YES;
				GCC_C_LANGUAGE_STANDARD = gnu11;
				GCC_DYNAMIC_NO_PIC = NO;
				GCC_NO_COMMON_BLOCKS = YES;
				GCC_OPTIMIZATION_LEVEL = 0;
				GCC_PREPROCESSOR_DEFINITIONS = (
					"DEBUG=1",
					"$(inherited)",
				);
				GCC_WARN_64_TO_32_BIT_CONVERSION = YES;
				GCC_WARN_ABOUT_RETURN_TYPE = YES_ERROR;
				GCC_WARN_UNDECLARED_SELECTOR = YES;
				GCC_WARN_UNINITIALIZED_AUTOS = YES_AGGRESSIVE;
				GCC_WARN_UNUSED_FUNCTION = YES;
				GCC_WARN_UNUSED_VARIABLE = YES;
				IPHONEOS_DEPLOYMENT_TARGET = 13.5;
				MTL_ENABLE_DEBUG_INFO = INCLUDE_SOURCE;
				MTL_FAST_MATH = YES;
				ONLY_ACTIVE_ARCH = YES;
				SDKROOT = iphoneos;
				SWIFT_ACTIVE_COMPILATION_CONDITIONS = DEBUG;
				SWIFT_OPTIMIZATION_LEVEL = "-Onone";
			};
			name = Debug;
		};
		B058698F2817B4D6002CFCDC /* Release */ = {
			isa = XCBuildConfiguration;
			buildSettings = {
				ALWAYS_SEARCH_USER_PATHS = NO;
				CLANG_ANALYZER_NONNULL = YES;
				CLANG_ANALYZER_NUMBER_OBJECT_CONVERSION = YES_AGGRESSIVE;
				CLANG_CXX_LANGUAGE_STANDARD = "gnu++14";
				CLANG_CXX_LIBRARY = "libc++";
				CLANG_ENABLE_MODULES = YES;
				CLANG_ENABLE_OBJC_ARC = YES;
				CLANG_ENABLE_OBJC_WEAK = YES;
				CLANG_WARN_BLOCK_CAPTURE_AUTORELEASING = YES;
				CLANG_WARN_BOOL_CONVERSION = YES;
				CLANG_WARN_COMMA = YES;
				CLANG_WARN_CONSTANT_CONVERSION = YES;
				CLANG_WARN_DEPRECATED_OBJC_IMPLEMENTATIONS = YES;
				CLANG_WARN_DIRECT_OBJC_ISA_USAGE = YES_ERROR;
				CLANG_WARN_DOCUMENTATION_COMMENTS = YES;
				CLANG_WARN_EMPTY_BODY = YES;
				CLANG_WARN_ENUM_CONVERSION = YES;
				CLANG_WARN_INFINITE_RECURSION = YES;
				CLANG_WARN_INT_CONVERSION = YES;
				CLANG_WARN_NON_LITERAL_NULL_CONVERSION = YES;
				CLANG_WARN_OBJC_IMPLICIT_RETAIN_SELF = YES;
				CLANG_WARN_OBJC_LITERAL_CONVERSION = YES;
				CLANG_WARN_OBJC_ROOT_CLASS = YES_ERROR;
				CLANG_WARN_RANGE_LOOP_ANALYSIS = YES;
				CLANG_WARN_STRICT_PROTOTYPES = YES;
				CLANG_WARN_SUSPICIOUS_MOVE = YES;
				CLANG_WARN_UNGUARDED_AVAILABILITY = YES_AGGRESSIVE;
				CLANG_WARN_UNREACHABLE_CODE = YES;
				CLANG_WARN__DUPLICATE_METHOD_MATCH = YES;
				COPY_PHASE_STRIP = NO;
				DEBUG_INFORMATION_FORMAT = "dwarf-with-dsym";
				ENABLE_NS_ASSERTIONS = NO;
				ENABLE_STRICT_OBJC_MSGSEND = YES;
				GCC_C_LANGUAGE_STANDARD = gnu11;
				GCC_NO_COMMON_BLOCKS = YES;
				GCC_WARN_64_TO_32_BIT_CONVERSION = YES;
				GCC_WARN_ABOUT_RETURN_TYPE = YES_ERROR;
				GCC_WARN_UNDECLARED_SELECTOR = YES;
				GCC_WARN_UNINITIALIZED_AUTOS = YES_AGGRESSIVE;
				GCC_WARN_UNUSED_FUNCTION = YES;
				GCC_WARN_UNUSED_VARIABLE = YES;
				IPHONEOS_DEPLOYMENT_TARGET = 13.5;
				MTL_ENABLE_DEBUG_INFO = NO;
				MTL_FAST_MATH = YES;
				SDKROOT = iphoneos;
				SWIFT_COMPILATION_MODE = wholemodule;
				SWIFT_OPTIMIZATION_LEVEL = "-O";
				VALIDATE_PRODUCT = YES;
			};
			name = Release;
		};
		B05869912817B4D6002CFCDC /* Debug */ = {
			isa = XCBuildConfiguration;
			buildSettings = {
				ASSETCATALOG_COMPILER_APPICON_NAME = AppIcon;
				CODE_SIGN_STYLE = Automatic;
				INFOPLIST_FILE = InstagramFirestoreTutorial/Info.plist;
				LD_RUNPATH_SEARCH_PATHS = (
					"$(inherited)",
					"@executable_path/Frameworks",
				);
				PRODUCT_BUNDLE_IDENTIFIER = com.pinaki.InstagramFirestoreTutorial;
				PRODUCT_NAME = "$(TARGET_NAME)";
				SWIFT_VERSION = 5.0;
				TARGETED_DEVICE_FAMILY = "1,2";
			};
			name = Debug;
		};
		B05869922817B4D6002CFCDC /* Release */ = {
			isa = XCBuildConfiguration;
			buildSettings = {
				ASSETCATALOG_COMPILER_APPICON_NAME = AppIcon;
				CODE_SIGN_STYLE = Automatic;
				INFOPLIST_FILE = InstagramFirestoreTutorial/Info.plist;
				LD_RUNPATH_SEARCH_PATHS = (
					"$(inherited)",
					"@executable_path/Frameworks",
				);
				PRODUCT_BUNDLE_IDENTIFIER = com.pinaki.InstagramFirestoreTutorial;
				PRODUCT_NAME = "$(TARGET_NAME)";
				SWIFT_VERSION = 5.0;
				TARGETED_DEVICE_FAMILY = "1,2";
			};
			name = Release;
		};
/* End XCBuildConfiguration section */

/* Begin XCConfigurationList section */
		B05869772817B4D4002CFCDC /* Build configuration list for PBXProject "InstagramFirestoreTutorial" */ = {
			isa = XCConfigurationList;
			buildConfigurations = (
				B058698E2817B4D6002CFCDC /* Debug */,
				B058698F2817B4D6002CFCDC /* Release */,
			);
			defaultConfigurationIsVisible = 0;
			defaultConfigurationName = Release;
		};
		B05869902817B4D6002CFCDC /* Build configuration list for PBXNativeTarget "InstagramFirestoreTutorial" */ = {
			isa = XCConfigurationList;
			buildConfigurations = (
				B05869912817B4D6002CFCDC /* Debug */,
				B05869922817B4D6002CFCDC /* Release */,
			);
			defaultConfigurationIsVisible = 0;
			defaultConfigurationName = Release;
		};
/* End XCConfigurationList section */
	};
	rootObject = B05869742817B4D4002CFCDC /* Project object */;
}
